
Microsoft Visual Studio Solution File, Format Version 12.00
Project("{FAE04EC0-301F-11D3-BF4B-00C04F79EFBC}") = "LiveBoost", "LiveBoost\LiveBoost.csproj", "{C5CA872D-C953-4571-8B17-D81282A05CEF}"
EndProject
Global
	GlobalSection(SolutionConfigurationPlatforms) = preSolution
		Debug|Any CPU = Debug|Any CPU
		Release|Any CPU = Release|Any CPU
	EndGlobalSection
	GlobalSection(ProjectConfigurationPlatforms) = postSolution
		{C5CA872D-C953-4571-8B17-D81282A05CEF}.Debug|Any CPU.ActiveCfg = Debug|Any CPU
		{C5CA872D-C953-4571-8B17-D81282A05CEF}.Debug|Any CPU.Build.0 = Debug|Any CPU
		{C5CA872D-C953-4571-8B17-D81282A05CEF}.Release|Any CPU.ActiveCfg = Release|Any CPU
		{C5CA872D-C953-4571-8B17-D81282A05CEF}.Release|Any CPU.Build.0 = Release|Any CPU
	EndGlobalSection
EndGlobal
